
Microsoft Visual Studio Solution File, Format Version 12.00
# Visual Studio Version 16
VisualStudioVersion = 16.0.29102.190
MinimumVisualStudioVersion = 10.0.40219.1
Project("{2150E333-8FDC-42A3-9474-1A3956D46DE8}") = "src", "src", "{454AD4A3-D1D1-43AC-B1E9-AA3BDE115E4D}"
EndProject
Project("{2150E333-8FDC-42A3-9474-1A3956D46DE8}") = "test", "test", "{EFC5DB3C-B1BE-4022-9F62-D4A7A9E5679D}"
EndProject
Project("{9A19103F-16F7-4668-BE54-9A1E7A4F7556}") = "ConsoleApplication", "src\ConsoleApplication\ConsoleApplication.csproj", "{BBDCC081-34D8-4CB3-AFB3-2B8C2B2CDFC0}"
EndProject
Project("{9A19103F-16F7-4668-BE54-9A1E7A4F7556}") = "ClassLibrary", "src\ClassLibrary\ClassLibrary.csproj", "{6F057E84-10CD-45DE-8820-3D4B818C6EE3}"
EndProject
Project("{2150E333-8FDC-42A3-9474-1A3956D46DE8}") = "docs", "docs", "{BE2270FE-A632-420B-9CEC-3177528BF1A1}"
	ProjectSection(SolutionItems) = preProject
		docs\docfx.json = docs\docfx.json
	EndProjectSection
EndProject
Project("{FAE04EC0-301F-11D3-BF4B-00C04F79EFBC}") = "NUnitTestProject", "test\NUnitTestProject\NUnitTestProject.csproj", "{11247B14-39DF-4FD6-AB34-FF1FD46410C6}"
EndProject
Global
	GlobalSection(SolutionConfigurationPlatforms) = preSolution
		Debug|Any CPU = Debug|Any CPU
		Release|Any CPU = Release|Any CPU
	EndGlobalSection
	GlobalSection(ProjectConfigurationPlatforms) = postSolution
		{BBDCC081-34D8-4CB3-AFB3-2B8C2B2CDFC0}.Debug|Any CPU.ActiveCfg = Debug|Any CPU
		{BBDCC081-34D8-4CB3-AFB3-2B8C2B2CDFC0}.Debug|Any CPU.Build.0 = Debug|Any CPU
		{BBDCC081-34D8-4CB3-AFB3-2B8C2B2CDFC0}.Release|Any CPU.ActiveCfg = Release|Any CPU
		{BBDCC081-34D8-4CB3-AFB3-2B8C2B2CDFC0}.Release|Any CPU.Build.0 = Release|Any CPU
		{6F057E84-10CD-45DE-8820-3D4B818C6EE3}.Debug|Any CPU.ActiveCfg = Debug|Any CPU
		{6F057E84-10CD-45DE-8820-3D4B818C6EE3}.Debug|Any CPU.Build.0 = Debug|Any CPU
		{6F057E84-10CD-45DE-8820-3D4B818C6EE3}.Release|Any CPU.ActiveCfg = Release|Any CPU
		{6F057E84-10CD-45DE-8820-3D4B818C6EE3}.Release|Any CPU.Build.0 = Release|Any CPU
		{11247B14-39DF-4FD6-AB34-FF1FD46410C6}.Debug|Any CPU.ActiveCfg = Debug|Any CPU
		{11247B14-39DF-4FD6-AB34-FF1FD46410C6}.Debug|Any CPU.Build.0 = Debug|Any CPU
		{11247B14-39DF-4FD6-AB34-FF1FD46410C6}.Release|Any CPU.ActiveCfg = Release|Any CPU
		{11247B14-39DF-4FD6-AB34-FF1FD46410C6}.Release|Any CPU.Build.0 = Release|Any CPU
	EndGlobalSection
	GlobalSection(SolutionProperties) = preSolution
		HideSolutionNode = FALSE
	EndGlobalSection
	GlobalSection(NestedProjects) = preSolution
		{BBDCC081-34D8-4CB3-AFB3-2B8C2B2CDFC0} = {454AD4A3-D1D1-43AC-B1E9-AA3BDE115E4D}
		{6F057E84-10CD-45DE-8820-3D4B818C6EE3} = {454AD4A3-D1D1-43AC-B1E9-AA3BDE115E4D}
		{11247B14-39DF-4FD6-AB34-FF1FD46410C6} = {EFC5DB3C-B1BE-4022-9F62-D4A7A9E5679D}
	EndGlobalSection
	GlobalSection(ExtensibilityGlobals) = postSolution
		SolutionGuid = {905C22C0-46AA-4146-89DD-091CBFFAB75B}
	EndGlobalSection
EndGlobal
